
Microsoft Visual Studio Solution File, Format Version 12.00
# Visual Studio Version 16
VisualStudioVersion = 16.0.31729.503
MinimumVisualStudioVersion = 10.0.40219.1
Project("{FAE04EC0-301F-11D3-BF4B-00C04F79EFBC}") = "BanqueApp", "BanqueApp\BanqueApp.csproj", "{20163113-D2C2-4968-A9D3-2EB5119E6AFE}"
EndProject
Global
	GlobalSection(SolutionConfigurationPlatforms) = preSolution
		Debug|Any CPU = Debug|Any CPU
		Release|Any CPU = Release|Any CPU
	EndGlobalSection
	GlobalSection(ProjectConfigurationPlatforms) = postSolution
		{20163113-D2C2-4968-A9D3-2EB5119E6AFE}.Debug|Any CPU.ActiveCfg = Debug|Any CPU
		{20163113-D2C2-4968-A9D3-2EB5119E6AFE}.Debug|Any CPU.Build.0 = Debug|Any CPU
		{20163113-D2C2-4968-A9D3-2EB5119E6AFE}.Release|Any CPU.ActiveCfg = Release|Any CPU
		{20163113-D2C2-4968-A9D3-2EB5119E6AFE}.Release|Any CPU.Build.0 = Release|Any CPU
	EndGlobalSection
	GlobalSection(SolutionProperties) = preSolution
		HideSolutionNode = FALSE
	EndGlobalSection
	GlobalSection(ExtensibilityGlobals) = postSolution
		SolutionGuid = {48725E50-8D2D-4621-BCD9-DD39F491ABF6}
	EndGlobalSection
EndGlobal
